
Microsoft Visual Studio Solution File, Format Version 12.00
# Visual Studio 15
VisualStudioVersion = 15.0.28307.1000
MinimumVisualStudioVersion = 10.0.40219.1
Project("{FAE04EC0-301F-11D3-BF4B-00C04F79EFBC}") = "PROJETOZERO", "teste\PROJETOZERO.csproj", "{F2185619-F199-4DFE-9DF6-82F0096984C3}"
EndProject
Project("{FAE04EC0-301F-11D3-BF4B-00C04F79EFBC}") = "Api", "Api\Api.csproj", "{8F4E7997-5DD7-4A26-8E4A-4F65BFDAD200}"
EndProject
Global
	GlobalSection(SolutionConfigurationPlatforms) = preSolution
		Debug|Any CPU = Debug|Any CPU
		Release|Any CPU = Release|Any CPU
	EndGlobalSection
	GlobalSection(ProjectConfigurationPlatforms) = postSolution
		{F2185619-F199-4DFE-9DF6-82F0096984C3}.Debug|Any CPU.ActiveCfg = Debug|Any CPU
		{F2185619-F199-4DFE-9DF6-82F0096984C3}.Debug|Any CPU.Build.0 = Debug|Any CPU
		{F2185619-F199-4DFE-9DF6-82F0096984C3}.Release|Any CPU.ActiveCfg = Release|Any CPU
		{F2185619-F199-4DFE-9DF6-82F0096984C3}.Release|Any CPU.Build.0 = Release|Any CPU
		{8F4E7997-5DD7-4A26-8E4A-4F65BFDAD200}.Debug|Any CPU.ActiveCfg = Debug|Any CPU
		{8F4E7997-5DD7-4A26-8E4A-4F65BFDAD200}.Debug|Any CPU.Build.0 = Debug|Any CPU
		{8F4E7997-5DD7-4A26-8E4A-4F65BFDAD200}.Release|Any CPU.ActiveCfg = Release|Any CPU
		{8F4E7997-5DD7-4A26-8E4A-4F65BFDAD200}.Release|Any CPU.Build.0 = Release|Any CPU
	EndGlobalSection
	GlobalSection(SolutionProperties) = preSolution
		HideSolutionNode = FALSE
	EndGlobalSection
	GlobalSection(ExtensibilityGlobals) = postSolution
		SolutionGuid = {F8E06D43-2F96-41D0-A0DF-24FF8D9E00B4}
	EndGlobalSection
EndGlobal
